# THIS IS AN AUTOGENERATED FILE. DO NOT EDIT THIS FILE DIRECTLY.
# yarn lockfile v1


"@types/node@^14.14.37":
  version "14.14.37"
  resolved "https://registry.yarnpkg.com/@types/node/-/node-14.14.37.tgz#a3dd8da4eb84a996c36e331df98d82abd76b516e"
  integrity sha512-XYmBiy+ohOR4Lh5jE379fV2IU+6Jn4g5qASinhitfyO71b/sCo6MKsMLF5tc7Zf2CE8hViVQyYSobJNke8OvUw==

"@ungap/event-target@^0.2.2":
  version "0.2.2"
  resolved "https://registry.yarnpkg.com/@ungap/event-target/-/event-target-0.2.2.tgz#6543122625a0a793c5fa265f45717cd096b0fb7c"
  integrity sha512-z0bsRd8APns6CDBVEPEj3p82TiFc1UY8uWNhL+T0ydpQqnpHyPVwwgJ4FC5KP85sLbg80+g+h644UTatwKNi/g==

boolbase@^1.0.0:
  version "1.0.0"
  resolved "https://registry.yarnpkg.com/boolbase/-/boolbase-1.0.0.tgz#68dff5fbe60c51eb37725ea9e3ed310dcc1e776e"
  integrity sha1-aN/1++YMUes3cl6p4+0xDcwed24=

colorette@^1.2.2:
  version "1.2.2"
  resolved "https://registry.yarnpkg.com/colorette/-/colorette-1.2.2.tgz#cbcc79d5e99caea2dbf10eb3a26fd8b3e6acfa94"
  integrity sha512-MKGMzyfeuutC/ZJ1cba9NqcNpfeqMUcYmyF1ZFY6/Cn7CNSAKx6a+s48sqLqyAiZuaP2TcqMhoo+dlwFnVxT9w==

css-select@^3.1.2:
  version "3.1.2"
  resolved "https://registry.yarnpkg.com/css-select/-/css-select-3.1.2.tgz#d52cbdc6fee379fba97fb0d3925abbd18af2d9d8"
  integrity sha512-qmss1EihSuBNWNNhHjxzxSfJoFBM/lERB/Q4EnsJQQC62R2evJDW481091oAdOr9uh46/0n4nrg0It5cAnj1RA==
  dependencies:
    boolbase "^1.0.0"
    css-what "^4.0.0"
    domhandler "^4.0.0"
    domutils "^2.4.3"
    nth-check "^2.0.0"

css-what@^4.0.0:
  version "4.0.0"
  resolved "https://registry.yarnpkg.com/css-what/-/css-what-4.0.0.tgz#35e73761cab2eeb3d3661126b23d7aa0e8432233"
  integrity sha512-teijzG7kwYfNVsUh2H/YN62xW3KK9YhXEgSlbxMlcyjPNvdKJqFx5lrwlJgoFP1ZHlB89iGDlo/JyshKeRhv5A==

dom-serializer@^1.0.1:
  version "1.3.1"
  resolved "https://registry.yarnpkg.com/dom-serializer/-/dom-serializer-1.3.1.tgz#d845a1565d7c041a95e5dab62184ab41e3a519be"
  integrity sha512-Pv2ZluG5ife96udGgEDovOOOA5UELkltfJpnIExPrAk1LTvecolUGn6lIaoLh86d83GiB86CjzciMd9BuRB71Q==
  dependencies:
    domelementtype "^2.0.1"
    domhandler "^4.0.0"
    entities "^2.0.0"

domelementtype@^2.0.1, domelementtype@^2.2.0:
  version "2.2.0"
  resolved "https://registry.yarnpkg.com/domelementtype/-/domelementtype-2.2.0.tgz#9a0b6c2782ed6a1c7323d42267183df9bd8b1d57"
  integrity sha512-DtBMo82pv1dFtUmHyr48beiuq792Sxohr+8Hm9zoxklYPfa6n0Z3Byjj2IV7bmr2IyqClnqEQhfgHJJ5QF0R5A==

domhandler@^4.0.0, domhandler@^4.1.0:
  version "4.1.0"
  resolved "https://registry.yarnpkg.com/domhandler/-/domhandler-4.1.0.tgz#c1d8d494d5ec6db22de99e46a149c2a4d23ddd43"
  integrity sha512-/6/kmsGlMY4Tup/nGVutdrK9yQi4YjWVcVeoQmixpzjOUK1U7pQkvAPHBJeUxOgxF0J8f8lwCJSlCfD0V4CMGQ==
  dependencies:
    domelementtype "^2.2.0"

domutils@^2.4.3, domutils@^2.5.2:
  version "2.5.2"
  resolved "https://registry.yarnpkg.com/domutils/-/domutils-2.5.2.tgz#37ef8ba087dff1a17175e7092e8a042e4b050e6c"
  integrity sha512-MHTthCb1zj8f1GVfRpeZUbohQf/HdBos0oX5gZcQFepOZPLLRyj6Wn7XS7EMnY7CVpwv8863u2vyE83Hfu28HQ==
  dependencies:
    dom-serializer "^1.0.1"
    domelementtype "^2.2.0"
    domhandler "^4.1.0"

entities@^2.0.0:
  version "2.2.0"
  resolved "https://registry.yarnpkg.com/entities/-/entities-2.2.0.tgz#098dc90ebb83d8dffa089d55256b351d34c4da55"
  integrity sha512-p92if5Nz619I0w+akJrLZH0MX0Pb5DX39XOwQTtXSdQQOaYH03S1uIQp4mhOZtAXrxq4ViO67YTiLBo2638o9A==

esbuild@^0.11.7:
  version "0.11.7"
  resolved "https://registry.yarnpkg.com/esbuild/-/esbuild-0.11.7.tgz#c32ee844d3b0db489e62ea0ad028e109f6f205c7"
  integrity sha512-rY+jA0TiCFVLcvxUbbp+yQ9EEBXDsfIU4rsY7RKJEsx/fjjRFjyGnamRCBwUZQspK37G9We6xAkX7IibGA24AA==

esbuild@^0.9.3:
  version "0.9.7"
  resolved "https://registry.yarnpkg.com/esbuild/-/esbuild-0.9.7.tgz#ea0d639cbe4b88ec25fbed4d6ff00c8d788ef70b"
  integrity sha512-VtUf6aQ89VTmMLKrWHYG50uByMF4JQlVysb8dmg6cOgW8JnFCipmz7p+HNBl+RR3LLCuBxFGVauAe2wfnF9bLg==

fsevents@~2.3.1:
  version "2.3.2"
  resolved "https://registry.yarnpkg.com/fsevents/-/fsevents-2.3.2.tgz#8a526f78b8fdf4623b709e0b975c52c24c02fd1a"
  integrity sha512-xiqMQR4xAeHTuB9uWm+fFRcIOgKBMiOBP+eXiyT7jsgVCq1bkVygt00oASowB7EdtpOHaaPgKt812P9ab+DDKA==

function-bind@^1.1.1:
  version "1.1.1"
  resolved "https://registry.yarnpkg.com/function-bind/-/function-bind-1.1.1.tgz#a56899d3ea3c9bab874bb9773b7c5ede92f4895d"
  integrity sha512-yIovAzMX49sF8Yl58fSCWJ5svSLuaibPxXQJFLmBObTuCr0Mf1KiPopGM9NiFjiYBCbfaa2Fh6breQ6ANVTI0A==

has@^1.0.3:
  version "1.0.3"
  resolved "https://registry.yarnpkg.com/has/-/has-1.0.3.tgz#722d7cbfc1f6aa8241f16dd814e011e1f41e8796"
  integrity sha512-f2dvO0VU6Oej7RkWJGrehjbzMAjFp5/VKPp5tTpWIV4JHHZK1/BxbFRtf/siA2SWTe09caDmVtYYzWEIbBS4zw==
  dependencies:
    function-bind "^1.1.1"

he@1.2.0:
  version "1.2.0"
  resolved "https://registry.yarnpkg.com/he/-/he-1.2.0.tgz#84ae65fa7eafb165fddb61566ae14baf05664f0f"
  integrity sha512-F/1DnUGPopORZi0ni+CvrCgHQ5FyEAHRLSApuYWMmrbSwoN2Mn/7k+Gl38gJnR7yyDZk6WLXwiGod1JOWNDKGw==

html-escaper@^3.0.3:
  version "3.0.3"
  resolved "https://registry.yarnpkg.com/html-escaper/-/html-escaper-3.0.3.tgz#4d336674652beb1dcbc29ef6b6ba7f6be6fdfed6"
  integrity sha512-RuMffC89BOWQoY0WKGpIhn5gX3iI54O6nRA0yC124NYVtzjmFWBIiFd8M0x+ZdX0P9R4lADg1mgP8C7PxGOWuQ==

htmlparser2@^6.0.0:
  version "6.1.0"
  resolved "https://registry.yarnpkg.com/htmlparser2/-/htmlparser2-6.1.0.tgz#c4d762b6c3371a05dbe65e94ae43a9f845fb8fb7"
  integrity sha512-gyyPk6rgonLFEDGoeRgQNaEUvdJ4ktTmmUh/h2t7s+M8oPpIPxgNACWa+6ESR57kXstwqPiCut0V8NRpcwgU7A==
  dependencies:
    domelementtype "^2.0.1"
    domhandler "^4.0.0"
    domutils "^2.5.2"
    entities "^2.0.0"

is-core-module@^2.2.0:
  version "2.2.0"
  resolved "https://registry.yarnpkg.com/is-core-module/-/is-core-module-2.2.0.tgz#97037ef3d52224d85163f5597b2b63d9afed981a"
  integrity sha512-XRAfAdyyY5F5cOXn7hYQDqh2Xmii+DEfIcQGxK/uNwMHhIkPWO0g8msXcbzLe+MpGoR951MlqM/2iIlU4vKDdQ==
  dependencies:
    has "^1.0.3"

linkedom@^0.7.1:
  version "0.7.1"
  resolved "https://registry.yarnpkg.com/linkedom/-/linkedom-0.7.1.tgz#e0bc7a9f311fd24b7630f1ef0e776a46ad93f5c7"
  integrity sha512-xudwghuDlkTgcneU1ylp5wjNybbKxf+SA1oDZmBD8Rdw163szH8lyqeArMTY2WiTVXgUPAto3imn4rCn9KFb3g==
  dependencies:
    "@ungap/event-target" "^0.2.2"
    css-select "^3.1.2"
    html-escaper "^3.0.3"
    htmlparser2 "^6.0.0"
    uhyphen "^0.1.0"

nanoid@^3.1.22:
  version "3.1.22"
  resolved "https://registry.yarnpkg.com/nanoid/-/nanoid-3.1.22.tgz#b35f8fb7d151990a8aebd5aa5015c03cf726f844"
  integrity sha512-/2ZUaJX2ANuLtTvqTlgqBQNJoQO398KyJgZloL0PZkC0dpysjncRUPsFe3DUPzz/y3h+u7C46np8RMuvF3jsSQ==

node-html-parser@^3.1.3:
  version "3.1.3"
  resolved "https://registry.yarnpkg.com/node-html-parser/-/node-html-parser-3.1.3.tgz#987d39bc8df27bc70cbe3b4e9a31fd84f7454dfb"
  integrity sha512-pCE2I5UY5iOBnWdJQkbYZSk+fyq2zepw0nsELpHQjVFyCzOeZhkMhnvKqGceKgzWsWx7EG4KtMqsy9Eklf5Thw==
  dependencies:
    css-select "^3.1.2"
    he "1.2.0"

nth-check@^2.0.0:
  version "2.0.0"
  resolved "https://registry.yarnpkg.com/nth-check/-/nth-check-2.0.0.tgz#1bb4f6dac70072fc313e8c9cd1417b5074c0a125"
  integrity sha512-i4sc/Kj8htBrAiH1viZ0TgU8Y5XqCaV/FziYK6TBczxmeKm3AEFWqqF3195yKudrarqy7Zu80Ra5dobFjn9X/Q==
  dependencies:
    boolbase "^1.0.0"

path-parse@^1.0.6:
  version "1.0.6"
  resolved "https://registry.yarnpkg.com/path-parse/-/path-parse-1.0.6.tgz#d62dbb5679405d72c4737ec58600e9ddcf06d24c"
  integrity sha512-GSmOT2EbHrINBf9SR7CDELwlJ8AENk3Qn7OikK4nFYAu3Ote2+JYNVvkpAEQm3/TLNEJFD/xZJjzyxg3KBWOzw==

postcss@^8.2.1:
  version "8.2.9"
  resolved "https://registry.yarnpkg.com/postcss/-/postcss-8.2.9.tgz#fd95ff37b5cee55c409b3fdd237296ab4096fba3"
  integrity sha512-b+TmuIL4jGtCHtoLi+G/PisuIl9avxs8IZMSmlABRwNz5RLUUACrC+ws81dcomz1nRezm5YPdXiMEzBEKgYn+Q==
  dependencies:
    colorette "^1.2.2"
    nanoid "^3.1.22"
    source-map "^0.6.1"

prettier@^2.2.1:
  version "2.2.1"
  resolved "https://registry.yarnpkg.com/prettier/-/prettier-2.2.1.tgz#795a1a78dd52f073da0cd42b21f9c91381923ff5"
  integrity sha512-PqyhM2yCjg/oKkFPtTGUojv7gnZAoG80ttl45O6x2Ug/rMJw4wcc9k6aaf2hibP7BGVCCM33gZoGjyvt9mm16Q==

resolve@^1.19.0:
  version "1.20.0"
  resolved "https://registry.yarnpkg.com/resolve/-/resolve-1.20.0.tgz#629a013fb3f70755d6f0b7935cc1c2c5378b1975"
  integrity sha512-wENBPt4ySzg4ybFQW2TT1zMQucPK95HSh/nq2CFTZVOGut2+pQvSsgtda4d26YrYcr067wjbmzOG8byDPBX63A==
  dependencies:
    is-core-module "^2.2.0"
    path-parse "^1.0.6"

rollup@^2.38.5:
  version "2.45.1"
  resolved "https://registry.yarnpkg.com/rollup/-/rollup-2.45.1.tgz#eae2b94dc2088b4e0a3b7197a5a1ee0bdd589d5c"
  integrity sha512-vPD+JoDj3CY8k6m1bLcAFttXMe78P4CMxoau0iLVS60+S9kLsv2379xaGy4NgYWu+h2WTlucpoLPAoUoixFBag==
  optionalDependencies:
    fsevents "~2.3.1"

source-map@^0.6.1:
  version "0.6.1"
  resolved "https://registry.yarnpkg.com/source-map/-/source-map-0.6.1.tgz#74722af32e9614e9c287a8d0bbde48b5e2f1a263"
  integrity sha512-UjgapumWlbMhkBgzT7Ykc5YXUT46F0iKu8SGXq0bcwP5dz/h0Plj6enJqjz1Zbq2l5WaqYnrVbwWOWMyF3F47g==

typescript@^4.2.4:
  version "4.2.4"
  resolved "https://registry.yarnpkg.com/typescript/-/typescript-4.2.4.tgz#8610b59747de028fda898a8aef0e103f156d0961"
  integrity sha512-V+evlYHZnQkaz8TRBuxTA92yZBPotr5H+WhQ7bD3hZUndx5tGOa1fuCgeSjxAzM1RiN5IzvadIXTVefuuwZCRg==

uhyphen@^0.1.0:
  version "0.1.0"
  resolved "https://registry.yarnpkg.com/uhyphen/-/uhyphen-0.1.0.tgz#3cc22afa790daa802b9f6789f3583108d5b4a08c"
  integrity sha512-o0QVGuFg24FK765Qdd5kk0zU/U4dEsCtN/GSiwNI9i8xsSVtjIAOdTaVhLwZ1nrbWxFVMxNDDl+9fednsOMsBw==

vite@^2.1.5:
  version "2.1.5"
  resolved "https://registry.yarnpkg.com/vite/-/vite-2.1.5.tgz#4857da441c62f7982c83cbd5f42a00330f20c9c1"
  integrity sha512-tYU5iaYeUgQYvK/CNNz3tiJ8vYqPWfCE9IQ7K0iuzYovWw7lzty7KRYGWwV3CQPh0NKxWjOczAqiJsCL0Xb+Og==
  dependencies:
    esbuild "^0.9.3"
    postcss "^8.2.1"
    resolve "^1.19.0"
    rollup "^2.38.5"
  optionalDependencies:
    fsevents "~2.3.1"
